<?xml version="1.0" encoding="utf-8"?>
<Project ToolsVersion="4.0" xmlns="http://schemas.microsoft.com/developer/msbuild/2003">
  <ItemGroup>
    <Filter Include="Source Files">
      <UniqueIdentifier>{4FC737F1-C7A5-4376-A066-2A32D752A2FF}</UniqueIdentifier>
      <Extensions>cpp;c;cc;cxx;def;odl;idl;hpj;bat;asm;asmx</Extensions>
    </Filter>
    <Filter Include="hypervisor">
      <UniqueIdentifier>{67DA6AB6-F800-4c08-8B7A-83BB121AAD01}</UniqueIdentifier>
      <Extensions>rc;ico;cur;bmp;dlg;rc2;rct;bin;rgs;gif;jpg;jpeg;jpe;resx;tiff;tif;png;wav;mfcribbon-ms</Extensions>
    </Filter>
    <Filter Include="hypervisor\idt &amp; gdt">
      <UniqueIdentifier>{e9a19982-87cb-46c7-bfbb-80f9f18c2ecd}</UniqueIdentifier>
    </Filter>
    <Filter Include="headers">
      <UniqueIdentifier>{93995380-89BD-4b04-88EB-625FBE52EBFB}</UniqueIdentifier>
      <Extensions>h;hpp;hxx;hm;inl;inc;xsd</Extensions>
    </Filter>
    <Filter Include="headers\asm">
      <UniqueIdentifier>{0de2b4d1-b20d-434d-a90f-c629bc5576ac}</UniqueIdentifier>
    </Filter>
  </ItemGroup>
  <ItemGroup>
    <ClCompile Include="src\ept.cpp">
      <Filter>hypervisor</Filter>
    </ClCompile>
    <ClCompile Include="src\handlers.cpp">
      <Filter>hypervisor</Filter>
    </ClCompile>
    <ClCompile Include="src\hv.cpp">
      <Filter>hypervisor</Filter>
    </ClCompile>
    <ClCompile Include="src\hypercalls.cpp">
      <Filter>hypervisor</Filter>
    </ClCompile>
    <ClCompile Include="src\logger.cpp">
      <Filter>hypervisor</Filter>
    </ClCompile>
    <ClCompile Include="src\mm.cpp">
      <Filter>hypervisor</Filter>
    </ClCompile>
    <ClCompile Include="src\mtrr.cpp">
      <Filter>hypervisor</Filter>
    </ClCompile>
    <ClCompile Include="src\segment.cpp">
      <Filter>hypervisor</Filter>
    </ClCompile>
    <ClCompile Include="src\timing.cpp">
      <Filter>hypervisor</Filter>
    </ClCompile>
    <ClCompile Include="src\vcpu.cpp">
      <Filter>hypervisor</Filter>
    </ClCompile>
    <ClCompile Include="src\vmcs.cpp">
      <Filter>hypervisor</Filter>
    </ClCompile>
    <ClCompile Include="src\vmexit.cpp">
      <Filter>hypervisor</Filter>
    </ClCompile>
    <ClCompile Include="src\vmx.cpp">
      <Filter>hypervisor</Filter>
    </ClCompile>
    <ClCompile Include="src\main.cpp">
      <Filter>Source Files</Filter>
    </ClCompile>
    <ClCompile Include="src\gdt.cpp">
      <Filter>hypervisor\idt &amp; gdt</Filter>
    </ClCompile>
    <ClCompile Include="src\idt.cpp">
      <Filter>hypervisor\idt &amp; gdt</Filter>
    </ClCompile>
  </ItemGroup>
  <ItemGroup>
    <MASM Include="src\asm_interrupt.asm">
      <Filter>headers\asm</Filter>
    </MASM>
    <MASM Include="src\asm_segments.asm">
      <Filter>headers\asm</Filter>
    </MASM>
    <MASM Include="src\asm_vmexit.asm">
      <Filter>headers\asm</Filter>
    </MASM>
    <MASM Include="src\asm_vmlaunch.asm">
      <Filter>headers\asm</Filter>
    </MASM>
    <MASM Include="src\asm_vmx.asm">
      <Filter>headers\asm</Filter>
    </MASM>
  </ItemGroup>
  <ItemGroup>
    <ClInclude Include="src\ept.h">
      <Filter>hypervisor</Filter>
    </ClInclude>
    <ClInclude Include="src\handlers.h">
      <Filter>hypervisor</Filter>
    </ClInclude>
    <ClInclude Include="src\hv.h">
      <Filter>hypervisor</Filter>
    </ClInclude>
    <ClInclude Include="src\hypercalls.h">
      <Filter>hypervisor</Filter>
    </ClInclude>
    <ClInclude Include="src\logger.h">
      <Filter>hypervisor</Filter>
    </ClInclude>
    <ClInclude Include="src\mm.h">
      <Filter>hypervisor</Filter>
    </ClInclude>
    <ClInclude Include="src\mtrr.h">
      <Filter>hypervisor</Filter>
    </ClInclude>
    <ClInclude Include="src\segment.h">
      <Filter>hypervisor</Filter>
    </ClInclude>
    <ClInclude Include="src\timing.h">
      <Filter>hypervisor</Filter>
    </ClInclude>
    <ClInclude Include="src\vcpu.h">
      <Filter>hypervisor</Filter>
    </ClInclude>
    <ClInclude Include="src\vmcs.h">
      <Filter>hypervisor</Filter>
    </ClInclude>
    <ClInclude Include="src\vmexit.h">
      <Filter>hypervisor</Filter>
    </ClInclude>
    <ClInclude Include="src\vmx.h">
      <Filter>hypervisor</Filter>
    </ClInclude>
    <ClInclude Include="src\gdt.h">
      <Filter>hypervisor\idt &amp; gdt</Filter>
    </ClInclude>
    <ClInclude Include="src\idt.h">
      <Filter>hypervisor\idt &amp; gdt</Filter>
    </ClInclude>
    <ClInclude Include="src\guest_registers.h">
      <Filter>headers</Filter>
    </ClInclude>
    <ClInclude Include="src\interrupt_handlers.h">
      <Filter>headers</Filter>
    </ClInclude>
    <ClInclude Include="src\trap-frame.h">
      <Filter>headers</Filter>
    </ClInclude>
    <ClInclude Include="src\types.h">
      <Filter>headers</Filter>
    </ClInclude>
  </ItemGroup>
</Project>